
Microsoft Visual Studio Solution File, Format Version 12.00
# Visual Studio Version 16
VisualStudioVersion = 16.0.29009.5
MinimumVisualStudioVersion = 10.0.40219.1
Project("{FAE04EC0-301F-11D3-BF4B-00C04F79EFBC}") = "FlowNode", "FlowNode\FlowNode.csproj", "{8375915B-58BE-46B1-BA2E-BC9A6FF5AB82}"
EndProject
Project("{9A19103F-16F7-4668-BE54-9A1E7A4F7556}") = "FlowNode.Core", "FlowNode.Core\FlowNode.Core.csproj", "{A8F3C2E1-4B5D-6E7F-9012-3456789ABCDE}"
EndProject
Project("{9A19103F-16F7-4668-BE54-9A1E7A4F7556}") = "FlowNode.Cli", "FlowNode.Cli\FlowNode.Cli.csproj", "{C9E4D3F2-5A6B-7C8D-9E0F-123456789ABC}"
EndProject
Project("{9A19103F-16F7-4668-BE54-9A1E7A4F7556}") = "FlowNode.HostDemo", "FlowNode.HostDemo\FlowNode.HostDemo.csproj", "{B7C8D9E0-F1A2-3B4C-5D6E-7F8091A2B3C4}"
EndProject
Project("{9A19103F-16F7-4668-BE54-9A1E7A4F7556}") = "FlowNode.Tests", "FlowNode.Tests\FlowNode.Tests.csproj", "{A6DF1456-9823-448B-B504-9D266BA6B4AC}"
EndProject
Project("{9A19103F-16F7-4668-BE54-9A1E7A4F7556}") = "FlowNode.Tests.Editor", "FlowNode.Tests.Editor\FlowNode.Tests.Editor.csproj", "{C8D9E0F1-A2B3-4C5D-6E7F-8091A2B3C4D5}"
EndProject
Global
	GlobalSection(SolutionConfigurationPlatforms) = preSolution
		Debug|Any CPU = Debug|Any CPU
		Release|Any CPU = Release|Any CPU
	EndGlobalSection
	GlobalSection(ProjectConfigurationPlatforms) = postSolution
		{8375915B-58BE-46B1-BA2E-BC9A6FF5AB82}.Debug|Any CPU.ActiveCfg = Debug|Any CPU
		{8375915B-58BE-46B1-BA2E-BC9A6FF5AB82}.Debug|Any CPU.Build.0 = Debug|Any CPU
		{8375915B-58BE-46B1-BA2E-BC9A6FF5AB82}.Release|Any CPU.ActiveCfg = Release|Any CPU
		{8375915B-58BE-46B1-BA2E-BC9A6FF5AB82}.Release|Any CPU.Build.0 = Release|Any CPU
		{A8F3C2E1-4B5D-6E7F-9012-3456789ABCDE}.Debug|Any CPU.ActiveCfg = Debug|Any CPU
		{A8F3C2E1-4B5D-6E7F-9012-3456789ABCDE}.Debug|Any CPU.Build.0 = Debug|Any CPU
		{A8F3C2E1-4B5D-6E7F-9012-3456789ABCDE}.Release|Any CPU.ActiveCfg = Release|Any CPU
		{A8F3C2E1-4B5D-6E7F-9012-3456789ABCDE}.Release|Any CPU.Build.0 = Release|Any CPU
		{C9E4D3F2-5A6B-7C8D-9E0F-123456789ABC}.Debug|Any CPU.ActiveCfg = Debug|Any CPU
		{C9E4D3F2-5A6B-7C8D-9E0F-123456789ABC}.Debug|Any CPU.Build.0 = Debug|Any CPU
		{C9E4D3F2-5A6B-7C8D-9E0F-123456789ABC}.Release|Any CPU.ActiveCfg = Release|Any CPU
		{C9E4D3F2-5A6B-7C8D-9E0F-123456789ABC}.Release|Any CPU.Build.0 = Release|Any CPU
		{B7C8D9E0-F1A2-3B4C-5D6E-7F8091A2B3C4}.Debug|Any CPU.ActiveCfg = Debug|Any CPU
		{B7C8D9E0-F1A2-3B4C-5D6E-7F8091A2B3C4}.Debug|Any CPU.Build.0 = Debug|Any CPU
		{B7C8D9E0-F1A2-3B4C-5D6E-7F8091A2B3C4}.Release|Any CPU.ActiveCfg = Release|Any CPU
		{B7C8D9E0-F1A2-3B4C-5D6E-7F8091A2B3C4}.Release|Any CPU.Build.0 = Release|Any CPU
		{A6DF1456-9823-448B-B504-9D266BA6B4AC}.Debug|Any CPU.ActiveCfg = Debug|Any CPU
		{A6DF1456-9823-448B-B504-9D266BA6B4AC}.Debug|Any CPU.Build.0 = Debug|Any CPU
		{A6DF1456-9823-448B-B504-9D266BA6B4AC}.Release|Any CPU.ActiveCfg = Release|Any CPU
		{A6DF1456-9823-448B-B504-9D266BA6B4AC}.Release|Any CPU.Build.0 = Release|Any CPU
		{C8D9E0F1-A2B3-4C5D-6E7F-8091A2B3C4D5}.Debug|Any CPU.ActiveCfg = Debug|Any CPU
		{C8D9E0F1-A2B3-4C5D-6E7F-8091A2B3C4D5}.Debug|Any CPU.Build.0 = Debug|Any CPU
		{C8D9E0F1-A2B3-4C5D-6E7F-8091A2B3C4D5}.Release|Any CPU.ActiveCfg = Release|Any CPU
		{C8D9E0F1-A2B3-4C5D-6E7F-8091A2B3C4D5}.Release|Any CPU.Build.0 = Release|Any CPU
	EndGlobalSection
	GlobalSection(SolutionProperties) = preSolution
		HideSolutionNode = FALSE
	EndGlobalSection
	GlobalSection(ExtensibilityGlobals) = postSolution
		SolutionGuid = {0FC0C22A-301D-4DC0-9268-B09F9496E34A}
	EndGlobalSection
EndGlobal
